
Microsoft Visual Studio Solution File, Format Version 12.00
# Visual Studio Version 17
VisualStudioVersion = 17.0.31903.59
MinimumVisualStudioVersion = 10.0.40219.1
Project("{2150E333-8FDC-42A3-9474-1A3956D46DE8}") = "src", "src", "{D24557A5-7FE1-4D84-A523-9D00FBF2B471}"
EndProject
Project("{FAE04EC0-301F-11D3-BF4B-00C04F79EFBC}") = "Bjd9.Core", "src\Bjd9.Core\Bjd9.Core.csproj", "{21316331-BB30-4431-BE18-A18E7414EB2C}"
EndProject
Project("{FAE04EC0-301F-11D3-BF4B-00C04F79EFBC}") = "Bjd9.Servers.Http", "src\Bjd9.Servers.Http\Bjd9.Servers.Http.csproj", "{A40F6FA3-B4DE-47B0-8A24-5D15377C8AAE}"
EndProject
Project("{FAE04EC0-301F-11D3-BF4B-00C04F79EFBC}") = "Bjd9.Host", "src\Bjd9.Host\Bjd9.Host.csproj", "{8C86E24B-44AE-4C50-BB45-23CD7A073E5C}"
EndProject
Project("{FAE04EC0-301F-11D3-BF4B-00C04F79EFBC}") = "Bjd9.WebUI", "src\Bjd9.WebUI\Bjd9.WebUI.csproj", "{0476D227-D8D1-4999-A7FD-0EA0A8C2F695}"
EndProject
Project("{2150E333-8FDC-42A3-9474-1A3956D46DE8}") = "tests", "tests", "{C5C49051-72E9-4147-A960-C77859F6DEF6}"
EndProject
Project("{FAE04EC0-301F-11D3-BF4B-00C04F79EFBC}") = "Bjd9.Tests.Core", "tests\Bjd9.Tests.Core\Bjd9.Tests.Core.csproj", "{4798126F-130A-4464-A36B-4030EF7CB71C}"
EndProject
Project("{FAE04EC0-301F-11D3-BF4B-00C04F79EFBC}") = "Bjd9.Tests.Servers.Http", "tests\Bjd9.Tests.Servers.Http\Bjd9.Tests.Servers.Http.csproj", "{C101D97D-EB49-4ED8-A105-83297DFC32D9}"
EndProject
Project("{FAE04EC0-301F-11D3-BF4B-00C04F79EFBC}") = "Bjd9.Servers.Dns", "src\Bjd9.Servers.Dns\Bjd9.Servers.Dns.csproj", "{BE62999D-9ADD-41E4-9365-BAB4BE925506}"
EndProject
Global
	GlobalSection(SolutionConfigurationPlatforms) = preSolution
		Debug|Any CPU = Debug|Any CPU
		Release|Any CPU = Release|Any CPU
	EndGlobalSection
	GlobalSection(SolutionProperties) = preSolution
		HideSolutionNode = FALSE
	EndGlobalSection
	GlobalSection(ProjectConfigurationPlatforms) = postSolution
		{21316331-BB30-4431-BE18-A18E7414EB2C}.Debug|Any CPU.ActiveCfg = Debug|Any CPU
		{21316331-BB30-4431-BE18-A18E7414EB2C}.Debug|Any CPU.Build.0 = Debug|Any CPU
		{21316331-BB30-4431-BE18-A18E7414EB2C}.Release|Any CPU.ActiveCfg = Release|Any CPU
		{21316331-BB30-4431-BE18-A18E7414EB2C}.Release|Any CPU.Build.0 = Release|Any CPU
		{A40F6FA3-B4DE-47B0-8A24-5D15377C8AAE}.Debug|Any CPU.ActiveCfg = Debug|Any CPU
		{A40F6FA3-B4DE-47B0-8A24-5D15377C8AAE}.Debug|Any CPU.Build.0 = Debug|Any CPU
		{A40F6FA3-B4DE-47B0-8A24-5D15377C8AAE}.Release|Any CPU.ActiveCfg = Release|Any CPU
		{A40F6FA3-B4DE-47B0-8A24-5D15377C8AAE}.Release|Any CPU.Build.0 = Release|Any CPU
		{8C86E24B-44AE-4C50-BB45-23CD7A073E5C}.Debug|Any CPU.ActiveCfg = Debug|Any CPU
		{8C86E24B-44AE-4C50-BB45-23CD7A073E5C}.Debug|Any CPU.Build.0 = Debug|Any CPU
		{8C86E24B-44AE-4C50-BB45-23CD7A073E5C}.Release|Any CPU.ActiveCfg = Release|Any CPU
		{8C86E24B-44AE-4C50-BB45-23CD7A073E5C}.Release|Any CPU.Build.0 = Release|Any CPU
		{0476D227-D8D1-4999-A7FD-0EA0A8C2F695}.Debug|Any CPU.ActiveCfg = Debug|Any CPU
		{0476D227-D8D1-4999-A7FD-0EA0A8C2F695}.Debug|Any CPU.Build.0 = Debug|Any CPU
		{0476D227-D8D1-4999-A7FD-0EA0A8C2F695}.Release|Any CPU.ActiveCfg = Release|Any CPU
		{0476D227-D8D1-4999-A7FD-0EA0A8C2F695}.Release|Any CPU.Build.0 = Release|Any CPU
		{4798126F-130A-4464-A36B-4030EF7CB71C}.Debug|Any CPU.ActiveCfg = Debug|Any CPU
		{4798126F-130A-4464-A36B-4030EF7CB71C}.Debug|Any CPU.Build.0 = Debug|Any CPU
		{4798126F-130A-4464-A36B-4030EF7CB71C}.Release|Any CPU.ActiveCfg = Release|Any CPU
		{4798126F-130A-4464-A36B-4030EF7CB71C}.Release|Any CPU.Build.0 = Release|Any CPU
		{C101D97D-EB49-4ED8-A105-83297DFC32D9}.Debug|Any CPU.ActiveCfg = Debug|Any CPU
		{C101D97D-EB49-4ED8-A105-83297DFC32D9}.Debug|Any CPU.Build.0 = Debug|Any CPU
		{C101D97D-EB49-4ED8-A105-83297DFC32D9}.Release|Any CPU.ActiveCfg = Release|Any CPU
		{C101D97D-EB49-4ED8-A105-83297DFC32D9}.Release|Any CPU.Build.0 = Release|Any CPU
		{BE62999D-9ADD-41E4-9365-BAB4BE925506}.Debug|Any CPU.ActiveCfg = Debug|Any CPU
		{BE62999D-9ADD-41E4-9365-BAB4BE925506}.Debug|Any CPU.Build.0 = Debug|Any CPU
		{BE62999D-9ADD-41E4-9365-BAB4BE925506}.Release|Any CPU.ActiveCfg = Release|Any CPU
		{BE62999D-9ADD-41E4-9365-BAB4BE925506}.Release|Any CPU.Build.0 = Release|Any CPU
	EndGlobalSection
	GlobalSection(NestedProjects) = preSolution
		{21316331-BB30-4431-BE18-A18E7414EB2C} = {D24557A5-7FE1-4D84-A523-9D00FBF2B471}
		{A40F6FA3-B4DE-47B0-8A24-5D15377C8AAE} = {D24557A5-7FE1-4D84-A523-9D00FBF2B471}
		{8C86E24B-44AE-4C50-BB45-23CD7A073E5C} = {D24557A5-7FE1-4D84-A523-9D00FBF2B471}
		{0476D227-D8D1-4999-A7FD-0EA0A8C2F695} = {D24557A5-7FE1-4D84-A523-9D00FBF2B471}
		{4798126F-130A-4464-A36B-4030EF7CB71C} = {C5C49051-72E9-4147-A960-C77859F6DEF6}
		{C101D97D-EB49-4ED8-A105-83297DFC32D9} = {C5C49051-72E9-4147-A960-C77859F6DEF6}
		{BE62999D-9ADD-41E4-9365-BAB4BE925506} = {D24557A5-7FE1-4D84-A523-9D00FBF2B471}
	EndGlobalSection
EndGlobal
